
Microsoft Visual Studio Solution File, Format Version 12.00
# Visual Studio Version 16
VisualStudioVersion = 16.0.28407.52
MinimumVisualStudioVersion = 10.0.40219.1
Project("{FAE04EC0-301F-11D3-BF4B-00C04F79EFBC}") = "Sombra Bot", "Sombra Bot.csproj", "{BB516A09-5641-443E-AB12-181524384855}"
EndProject
Global
	GlobalSection(SolutionConfigurationPlatforms) = preSolution
		Debug|Any CPU = Debug|Any CPU
		Release|Any CPU = Release|Any CPU
	EndGlobalSection
	GlobalSection(ProjectConfigurationPlatforms) = postSolution
		{BB516A09-5641-443E-AB12-181524384855}.Debug|Any CPU.ActiveCfg = Debug|Any CPU
		{BB516A09-5641-443E-AB12-181524384855}.Debug|Any CPU.Build.0 = Debug|Any CPU
		{BB516A09-5641-443E-AB12-181524384855}.Release|Any CPU.ActiveCfg = Release|Any CPU
		{BB516A09-5641-443E-AB12-181524384855}.Release|Any CPU.Build.0 = Release|Any CPU
	EndGlobalSection
	GlobalSection(SolutionProperties) = preSolution
		HideSolutionNode = FALSE
	EndGlobalSection
	GlobalSection(ExtensibilityGlobals) = postSolution
		SolutionGuid = {F02AB516-299C-44A8-82E0-77E4D7874BAA}
	EndGlobalSection
EndGlobal
